
Microsoft Visual Studio Solution File, Format Version 12.00
# Visual Studio Version 17
VisualStudioVersion = 17.8.34511.84
MinimumVisualStudioVersion = 10.0.40219.1
Project("{FAE04EC0-301F-11D3-BF4B-00C04F79EFBC}") = "MyChurch", "MyChurch\MyChurch.csproj", "{BF1F7C22-C3A2-4589-B447-3D8E1EA076CC}"
EndProject
Global
	GlobalSection(SolutionConfigurationPlatforms) = preSolution
		Debug|Any CPU = Debug|Any CPU
		Release|Any CPU = Release|Any CPU
	EndGlobalSection
	GlobalSection(ProjectConfigurationPlatforms) = postSolution
		{BF1F7C22-C3A2-4589-B447-3D8E1EA076CC}.Debug|Any CPU.ActiveCfg = Debug|Any CPU
		{BF1F7C22-C3A2-4589-B447-3D8E1EA076CC}.Debug|Any CPU.Build.0 = Debug|Any CPU
		{BF1F7C22-C3A2-4589-B447-3D8E1EA076CC}.Release|Any CPU.ActiveCfg = Release|Any CPU
		{BF1F7C22-C3A2-4589-B447-3D8E1EA076CC}.Release|Any CPU.Build.0 = Release|Any CPU
	EndGlobalSection
	GlobalSection(SolutionProperties) = preSolution
		HideSolutionNode = FALSE
	EndGlobalSection
	GlobalSection(ExtensibilityGlobals) = postSolution
		SolutionGuid = {DDF64D9D-F481-4D40-BB48-543CB0182EE1}
	EndGlobalSection
EndGlobal
